
Microsoft Visual Studio Solution File, Format Version 12.00
# Visual Studio Version 17
VisualStudioVersion = 17.8.34316.72
MinimumVisualStudioVersion = 10.0.40219.1
Project("{FAE04EC0-301F-11D3-BF4B-00C04F79EFBC}") = "TestBankAccouting", "TestBankAccouting\TestBankAccouting.csproj", "{38C7C832-A552-4888-A748-F66E3D39874C}"
EndProject
Global
	GlobalSection(SolutionConfigurationPlatforms) = preSolution
		Debug|Any CPU = Debug|Any CPU
		Release|Any CPU = Release|Any CPU
	EndGlobalSection
	GlobalSection(ProjectConfigurationPlatforms) = postSolution
		{38C7C832-A552-4888-A748-F66E3D39874C}.Debug|Any CPU.ActiveCfg = Debug|Any CPU
		{38C7C832-A552-4888-A748-F66E3D39874C}.Debug|Any CPU.Build.0 = Debug|Any CPU
		{38C7C832-A552-4888-A748-F66E3D39874C}.Release|Any CPU.ActiveCfg = Release|Any CPU
		{38C7C832-A552-4888-A748-F66E3D39874C}.Release|Any CPU.Build.0 = Release|Any CPU
	EndGlobalSection
	GlobalSection(SolutionProperties) = preSolution
		HideSolutionNode = FALSE
	EndGlobalSection
	GlobalSection(ExtensibilityGlobals) = postSolution
		SolutionGuid = {22790E78-4E2A-4503-B901-B83158047D2D}
	EndGlobalSection
EndGlobal
